
Microsoft Visual Studio Solution File, Format Version 12.00
# Visual Studio 14
VisualStudioVersion = 14.0.24720.0
MinimumVisualStudioVersion = 10.0.40219.1
Project("{FAE04EC0-301F-11D3-BF4B-00C04F79EFBC}") = "BlocNotas.Droid", "BlocNotas\BlocNotas.Droid\BlocNotas.Droid.csproj", "{4FAFC31D-A572-41DD-A145-9C690181B750}"
EndProject
Project("{FAE04EC0-301F-11D3-BF4B-00C04F79EFBC}") = "BlocNotas.iOS", "BlocNotas\BlocNotas.iOS\BlocNotas.iOS.csproj", "{409C0D98-C523-4AA9-B25B-719415C1E332}"
EndProject
Project("{FAE04EC0-301F-11D3-BF4B-00C04F79EFBC}") = "BlocNotas.WinPhone", "BlocNotas\BlocNotas.WinPhone\BlocNotas.WinPhone.csproj", "{596F2616-F54B-48FB-824E-DE3DB655B60A}"
EndProject
Project("{FAE04EC0-301F-11D3-BF4B-00C04F79EFBC}") = "BlocNotas", "BlocNotas\BlocNotas\BlocNotas.csproj", "{B03FE2D4-6876-4C88-966F-32EA1A138A1C}"
EndProject
Global
	GlobalSection(SolutionConfigurationPlatforms) = preSolution
		Ad-Hoc|Any CPU = Ad-Hoc|Any CPU
		Ad-Hoc|ARM = Ad-Hoc|ARM
		Ad-Hoc|iPhone = Ad-Hoc|iPhone
		Ad-Hoc|iPhoneSimulator = Ad-Hoc|iPhoneSimulator
		Ad-Hoc|x86 = Ad-Hoc|x86
		AppStore|Any CPU = AppStore|Any CPU
		AppStore|ARM = AppStore|ARM
		AppStore|iPhone = AppStore|iPhone
		AppStore|iPhoneSimulator = AppStore|iPhoneSimulator
		AppStore|x86 = AppStore|x86
		Debug|Any CPU = Debug|Any CPU
		Debug|ARM = Debug|ARM
		Debug|iPhone = Debug|iPhone
		Debug|iPhoneSimulator = Debug|iPhoneSimulator
		Debug|x86 = Debug|x86
		Release|Any CPU = Release|Any CPU
		Release|ARM = Release|ARM
		Release|iPhone = Release|iPhone
		Release|iPhoneSimulator = Release|iPhoneSimulator
		Release|x86 = Release|x86
	EndGlobalSection
	GlobalSection(ProjectConfigurationPlatforms) = postSolution
		{4FAFC31D-A572-41DD-A145-9C690181B750}.Ad-Hoc|Any CPU.ActiveCfg = Release|Any CPU
		{4FAFC31D-A572-41DD-A145-9C690181B750}.Ad-Hoc|Any CPU.Build.0 = Release|Any CPU
		{4FAFC31D-A572-41DD-A145-9C690181B750}.Ad-Hoc|Any CPU.Deploy.0 = Release|Any CPU
		{4FAFC31D-A572-41DD-A145-9C690181B750}.Ad-Hoc|ARM.ActiveCfg = Release|Any CPU
		{4FAFC31D-A572-41DD-A145-9C690181B750}.Ad-Hoc|ARM.Build.0 = Release|Any CPU
		{4FAFC31D-A572-41DD-A145-9C690181B750}.Ad-Hoc|ARM.Deploy.0 = Release|Any CPU
		{4FAFC31D-A572-41DD-A145-9C690181B750}.Ad-Hoc|iPhone.ActiveCfg = Release|Any CPU
		{4FAFC31D-A572-41DD-A145-9C690181B750}.Ad-Hoc|iPhone.Build.0 = Release|Any CPU
		{4FAFC31D-A572-41DD-A145-9C690181B750}.Ad-Hoc|iPhone.Deploy.0 = Release|Any CPU
		{4FAFC31D-A572-41DD-A145-9C690181B750}.Ad-Hoc|iPhoneSimulator.ActiveCfg = Release|Any CPU
		{4FAFC31D-A572-41DD-A145-9C690181B750}.Ad-Hoc|iPhoneSimulator.Build.0 = Release|Any CPU
		{4FAFC31D-A572-41DD-A145-9C690181B750}.Ad-Hoc|iPhoneSimulator.Deploy.0 = Release|Any CPU
		{4FAFC31D-A572-41DD-A145-9C690181B750}.Ad-Hoc|x86.ActiveCfg = Release|Any CPU
		{4FAFC31D-A572-41DD-A145-9C690181B750}.Ad-Hoc|x86.Build.0 = Release|Any CPU
		{4FAFC31D-A572-41DD-A145-9C690181B750}.Ad-Hoc|x86.Deploy.0 = Release|Any CPU
		{4FAFC31D-A572-41DD-A145-9C690181B750}.AppStore|Any CPU.ActiveCfg = Release|Any CPU
		{4FAFC31D-A572-41DD-A145-9C690181B750}.AppStore|Any CPU.Build.0 = Release|Any CPU
		{4FAFC31D-A572-41DD-A145-9C690181B750}.AppStore|Any CPU.Deploy.0 = Release|Any CPU
		{4FAFC31D-A572-41DD-A145-9C690181B750}.AppStore|ARM.ActiveCfg = Release|Any CPU
		{4FAFC31D-A572-41DD-A145-9C690181B750}.AppStore|ARM.Build.0 = Release|Any CPU
		{4FAFC31D-A572-41DD-A145-9C690181B750}.AppStore|ARM.Deploy.0 = Release|Any CPU
		{4FAFC31D-A572-41DD-A145-9C690181B750}.AppStore|iPhone.ActiveCfg = Release|Any CPU
		{4FAFC31D-A572-41DD-A145-9C690181B750}.AppStore|iPhone.Build.0 = Release|Any CPU
		{4FAFC31D-A572-41DD-A145-9C690181B750}.AppStore|iPhone.Deploy.0 = Release|Any CPU
		{4FAFC31D-A572-41DD-A145-9C690181B750}.AppStore|iPhoneSimulator.ActiveCfg = Release|Any CPU
		{4FAFC31D-A572-41DD-A145-9C690181B750}.AppStore|iPhoneSimulator.Build.0 = Release|Any CPU
		{4FAFC31D-A572-41DD-A145-9C690181B750}.AppStore|iPhoneSimulator.Deploy.0 = Release|Any CPU
		{4FAFC31D-A572-41DD-A145-9C690181B750}.AppStore|x86.ActiveCfg = Release|Any CPU
		{4FAFC31D-A572-41DD-A145-9C690181B750}.AppStore|x86.Build.0 = Release|Any CPU
		{4FAFC31D-A572-41DD-A145-9C690181B750}.AppStore|x86.Deploy.0 = Release|Any CPU
		{4FAFC31D-A572-41DD-A145-9C690181B750}.Debug|Any CPU.ActiveCfg = Debug|Any CPU
		{4FAFC31D-A572-41DD-A145-9C690181B750}.Debug|Any CPU.Build.0 = Debug|Any CPU
		{4FAFC31D-A572-41DD-A145-9C690181B750}.Debug|Any CPU.Deploy.0 = Debug|Any CPU
		{4FAFC31D-A572-41DD-A145-9C690181B750}.Debug|ARM.ActiveCfg = Debug|Any CPU
		{4FAFC31D-A572-41DD-A145-9C690181B750}.Debug|ARM.Build.0 = Debug|Any CPU
		{4FAFC31D-A572-41DD-A145-9C690181B750}.Debug|ARM.Deploy.0 = Debug|Any CPU
		{4FAFC31D-A572-41DD-A145-9C690181B750}.Debug|iPhone.ActiveCfg = Debug|Any CPU
		{4FAFC31D-A572-41DD-A145-9C690181B750}.Debug|iPhone.Build.0 = Debug|Any CPU
		{4FAFC31D-A572-41DD-A145-9C690181B750}.Debug|iPhone.Deploy.0 = Debug|Any CPU
		{4FAFC31D-A572-41DD-A145-9C690181B750}.Debug|iPhoneSimulator.ActiveCfg = Debug|Any CPU
		{4FAFC31D-A572-41DD-A145-9C690181B750}.Debug|iPhoneSimulator.Build.0 = Debug|Any CPU
		{4FAFC31D-A572-41DD-A145-9C690181B750}.Debug|iPhoneSimulator.Deploy.0 = Debug|Any CPU
		{4FAFC31D-A572-41DD-A145-9C690181B750}.Debug|x86.ActiveCfg = Debug|Any CPU
		{4FAFC31D-A572-41DD-A145-9C690181B750}.Debug|x86.Build.0 = Debug|Any CPU
		{4FAFC31D-A572-41DD-A145-9C690181B750}.Debug|x86.Deploy.0 = Debug|Any CPU
		{4FAFC31D-A572-41DD-A145-9C690181B750}.Release|Any CPU.ActiveCfg = Release|Any CPU
		{4FAFC31D-A572-41DD-A145-9C690181B750}.Release|Any CPU.Build.0 = Release|Any CPU
		{4FAFC31D-A572-41DD-A145-9C690181B750}.Release|Any CPU.Deploy.0 = Release|Any CPU
		{4FAFC31D-A572-41DD-A145-9C690181B750}.Release|ARM.ActiveCfg = Release|Any CPU
		{4FAFC31D-A572-41DD-A145-9C690181B750}.Release|ARM.Build.0 = Release|Any CPU
		{4FAFC31D-A572-41DD-A145-9C690181B750}.Release|ARM.Deploy.0 = Release|Any CPU
		{4FAFC31D-A572-41DD-A145-9C690181B750}.Release|iPhone.ActiveCfg = Release|Any CPU
		{4FAFC31D-A572-41DD-A145-9C690181B750}.Release|iPhone.Build.0 = Release|Any CPU
		{4FAFC31D-A572-41DD-A145-9C690181B750}.Release|iPhone.Deploy.0 = Release|Any CPU
		{4FAFC31D-A572-41DD-A145-9C690181B750}.Release|iPhoneSimulator.ActiveCfg = Release|Any CPU
		{4FAFC31D-A572-41DD-A145-9C690181B750}.Release|iPhoneSimulator.Build.0 = Release|Any CPU
		{4FAFC31D-A572-41DD-A145-9C690181B750}.Release|iPhoneSimulator.Deploy.0 = Release|Any CPU
		{4FAFC31D-A572-41DD-A145-9C690181B750}.Release|x86.ActiveCfg = Release|Any CPU
		{4FAFC31D-A572-41DD-A145-9C690181B750}.Release|x86.Build.0 = Release|Any CPU
		{4FAFC31D-A572-41DD-A145-9C690181B750}.Release|x86.Deploy.0 = Release|Any CPU
		{409C0D98-C523-4AA9-B25B-719415C1E332}.Ad-Hoc|Any CPU.ActiveCfg = Ad-Hoc|iPhone
		{409C0D98-C523-4AA9-B25B-719415C1E332}.Ad-Hoc|ARM.ActiveCfg = Ad-Hoc|iPhone
		{409C0D98-C523-4AA9-B25B-719415C1E332}.Ad-Hoc|iPhone.ActiveCfg = Ad-Hoc|iPhone
		{409C0D98-C523-4AA9-B25B-719415C1E332}.Ad-Hoc|iPhone.Build.0 = Ad-Hoc|iPhone
		{409C0D98-C523-4AA9-B25B-719415C1E332}.Ad-Hoc|iPhoneSimulator.ActiveCfg = Ad-Hoc|iPhoneSimulator
		{409C0D98-C523-4AA9-B25B-719415C1E332}.Ad-Hoc|iPhoneSimulator.Build.0 = Ad-Hoc|iPhoneSimulator
		{409C0D98-C523-4AA9-B25B-719415C1E332}.Ad-Hoc|x86.ActiveCfg = Ad-Hoc|iPhone
		{409C0D98-C523-4AA9-B25B-719415C1E332}.AppStore|Any CPU.ActiveCfg = AppStore|iPhone
		{409C0D98-C523-4AA9-B25B-719415C1E332}.AppStore|ARM.ActiveCfg = AppStore|iPhone
		{409C0D98-C523-4AA9-B25B-719415C1E332}.AppStore|iPhone.ActiveCfg = AppStore|iPhone
		{409C0D98-C523-4AA9-B25B-719415C1E332}.AppStore|iPhone.Build.0 = AppStore|iPhone
		{409C0D98-C523-4AA9-B25B-719415C1E332}.AppStore|iPhoneSimulator.ActiveCfg = AppStore|iPhoneSimulator
		{409C0D98-C523-4AA9-B25B-719415C1E332}.AppStore|iPhoneSimulator.Build.0 = AppStore|iPhoneSimulator
		{409C0D98-C523-4AA9-B25B-719415C1E332}.AppStore|x86.ActiveCfg = AppStore|iPhone
		{409C0D98-C523-4AA9-B25B-719415C1E332}.Debug|Any CPU.ActiveCfg = Debug|iPhone
		{409C0D98-C523-4AA9-B25B-719415C1E332}.Debug|ARM.ActiveCfg = Debug|iPhone
		{409C0D98-C523-4AA9-B25B-719415C1E332}.Debug|iPhone.ActiveCfg = Debug|iPhone
		{409C0D98-C523-4AA9-B25B-719415C1E332}.Debug|iPhone.Build.0 = Debug|iPhone
		{409C0D98-C523-4AA9-B25B-719415C1E332}.Debug|iPhoneSimulator.ActiveCfg = Debug|iPhoneSimulator
		{409C0D98-C523-4AA9-B25B-719415C1E332}.Debug|iPhoneSimulator.Build.0 = Debug|iPhoneSimulator
		{409C0D98-C523-4AA9-B25B-719415C1E332}.Debug|x86.ActiveCfg = Debug|iPhone
		{409C0D98-C523-4AA9-B25B-719415C1E332}.Release|Any CPU.ActiveCfg = Release|iPhone
		{409C0D98-C523-4AA9-B25B-719415C1E332}.Release|ARM.ActiveCfg = Release|iPhone
		{409C0D98-C523-4AA9-B25B-719415C1E332}.Release|iPhone.ActiveCfg = Release|iPhone
		{409C0D98-C523-4AA9-B25B-719415C1E332}.Release|iPhone.Build.0 = Release|iPhone
		{409C0D98-C523-4AA9-B25B-719415C1E332}.Release|iPhoneSimulator.ActiveCfg = Release|iPhoneSimulator
		{409C0D98-C523-4AA9-B25B-719415C1E332}.Release|iPhoneSimulator.Build.0 = Release|iPhoneSimulator
		{409C0D98-C523-4AA9-B25B-719415C1E332}.Release|x86.ActiveCfg = Release|iPhone
		{596F2616-F54B-48FB-824E-DE3DB655B60A}.Ad-Hoc|Any CPU.ActiveCfg = Release|Any CPU
		{596F2616-F54B-48FB-824E-DE3DB655B60A}.Ad-Hoc|Any CPU.Build.0 = Release|Any CPU
		{596F2616-F54B-48FB-824E-DE3DB655B60A}.Ad-Hoc|Any CPU.Deploy.0 = Release|Any CPU
		{596F2616-F54B-48FB-824E-DE3DB655B60A}.Ad-Hoc|ARM.ActiveCfg = Release|ARM
		{596F2616-F54B-48FB-824E-DE3DB655B60A}.Ad-Hoc|ARM.Build.0 = Release|ARM
		{596F2616-F54B-48FB-824E-DE3DB655B60A}.Ad-Hoc|ARM.Deploy.0 = Release|ARM
		{596F2616-F54B-48FB-824E-DE3DB655B60A}.Ad-Hoc|iPhone.ActiveCfg = Release|Any CPU
		{596F2616-F54B-48FB-824E-DE3DB655B60A}.Ad-Hoc|iPhone.Build.0 = Release|Any CPU
		{596F2616-F54B-48FB-824E-DE3DB655B60A}.Ad-Hoc|iPhone.Deploy.0 = Release|Any CPU
		{596F2616-F54B-48FB-824E-DE3DB655B60A}.Ad-Hoc|iPhoneSimulator.ActiveCfg = Release|Any CPU
		{596F2616-F54B-48FB-824E-DE3DB655B60A}.Ad-Hoc|iPhoneSimulator.Build.0 = Release|Any CPU
		{596F2616-F54B-48FB-824E-DE3DB655B60A}.Ad-Hoc|iPhoneSimulator.Deploy.0 = Release|Any CPU
		{596F2616-F54B-48FB-824E-DE3DB655B60A}.Ad-Hoc|x86.ActiveCfg = Release|x86
		{596F2616-F54B-48FB-824E-DE3DB655B60A}.Ad-Hoc|x86.Build.0 = Release|x86
		{596F2616-F54B-48FB-824E-DE3DB655B60A}.Ad-Hoc|x86.Deploy.0 = Release|x86
		{596F2616-F54B-48FB-824E-DE3DB655B60A}.AppStore|Any CPU.ActiveCfg = Release|Any CPU
		{596F2616-F54B-48FB-824E-DE3DB655B60A}.AppStore|Any CPU.Build.0 = Release|Any CPU
		{596F2616-F54B-48FB-824E-DE3DB655B60A}.AppStore|Any CPU.Deploy.0 = Release|Any CPU
		{596F2616-F54B-48FB-824E-DE3DB655B60A}.AppStore|ARM.ActiveCfg = Release|ARM
		{596F2616-F54B-48FB-824E-DE3DB655B60A}.AppStore|ARM.Build.0 = Release|ARM
		{596F2616-F54B-48FB-824E-DE3DB655B60A}.AppStore|ARM.Deploy.0 = Release|ARM
		{596F2616-F54B-48FB-824E-DE3DB655B60A}.AppStore|iPhone.ActiveCfg = Release|Any CPU
		{596F2616-F54B-48FB-824E-DE3DB655B60A}.AppStore|iPhone.Build.0 = Release|Any CPU
		{596F2616-F54B-48FB-824E-DE3DB655B60A}.AppStore|iPhone.Deploy.0 = Release|Any CPU
		{596F2616-F54B-48FB-824E-DE3DB655B60A}.AppStore|iPhoneSimulator.ActiveCfg = Release|Any CPU
		{596F2616-F54B-48FB-824E-DE3DB655B60A}.AppStore|iPhoneSimulator.Build.0 = Release|Any CPU
		{596F2616-F54B-48FB-824E-DE3DB655B60A}.AppStore|iPhoneSimulator.Deploy.0 = Release|Any CPU
		{596F2616-F54B-48FB-824E-DE3DB655B60A}.AppStore|x86.ActiveCfg = Release|x86
		{596F2616-F54B-48FB-824E-DE3DB655B60A}.AppStore|x86.Build.0 = Release|x86
		{596F2616-F54B-48FB-824E-DE3DB655B60A}.AppStore|x86.Deploy.0 = Release|x86
		{596F2616-F54B-48FB-824E-DE3DB655B60A}.Debug|Any CPU.ActiveCfg = Debug|Any CPU
		{596F2616-F54B-48FB-824E-DE3DB655B60A}.Debug|Any CPU.Build.0 = Debug|Any CPU
		{596F2616-F54B-48FB-824E-DE3DB655B60A}.Debug|Any CPU.Deploy.0 = Debug|Any CPU
		{596F2616-F54B-48FB-824E-DE3DB655B60A}.Debug|ARM.ActiveCfg = Debug|ARM
		{596F2616-F54B-48FB-824E-DE3DB655B60A}.Debug|ARM.Build.0 = Debug|ARM
		{596F2616-F54B-48FB-824E-DE3DB655B60A}.Debug|ARM.Deploy.0 = Debug|ARM
		{596F2616-F54B-48FB-824E-DE3DB655B60A}.Debug|iPhone.ActiveCfg = Debug|Any CPU
		{596F2616-F54B-48FB-824E-DE3DB655B60A}.Debug|iPhone.Build.0 = Debug|Any CPU
		{596F2616-F54B-48FB-824E-DE3DB655B60A}.Debug|iPhone.Deploy.0 = Debug|Any CPU
		{596F2616-F54B-48FB-824E-DE3DB655B60A}.Debug|iPhoneSimulator.ActiveCfg = Debug|Any CPU
		{596F2616-F54B-48FB-824E-DE3DB655B60A}.Debug|iPhoneSimulator.Build.0 = Debug|Any CPU
		{596F2616-F54B-48FB-824E-DE3DB655B60A}.Debug|iPhoneSimulator.Deploy.0 = Debug|Any CPU
		{596F2616-F54B-48FB-824E-DE3DB655B60A}.Debug|x86.ActiveCfg = Debug|x86
		{596F2616-F54B-48FB-824E-DE3DB655B60A}.Debug|x86.Build.0 = Debug|x86
		{596F2616-F54B-48FB-824E-DE3DB655B60A}.Debug|x86.Deploy.0 = Debug|x86
		{596F2616-F54B-48FB-824E-DE3DB655B60A}.Release|Any CPU.ActiveCfg = Release|Any CPU
		{596F2616-F54B-48FB-824E-DE3DB655B60A}.Release|Any CPU.Build.0 = Release|Any CPU
		{596F2616-F54B-48FB-824E-DE3DB655B60A}.Release|Any CPU.Deploy.0 = Release|Any CPU
		{596F2616-F54B-48FB-824E-DE3DB655B60A}.Release|ARM.ActiveCfg = Release|ARM
		{596F2616-F54B-48FB-824E-DE3DB655B60A}.Release|ARM.Build.0 = Release|ARM
		{596F2616-F54B-48FB-824E-DE3DB655B60A}.Release|ARM.Deploy.0 = Release|ARM
		{596F2616-F54B-48FB-824E-DE3DB655B60A}.Release|iPhone.ActiveCfg = Release|Any CPU
		{596F2616-F54B-48FB-824E-DE3DB655B60A}.Release|iPhone.Build.0 = Release|Any CPU
		{596F2616-F54B-48FB-824E-DE3DB655B60A}.Release|iPhone.Deploy.0 = Release|Any CPU
		{596F2616-F54B-48FB-824E-DE3DB655B60A}.Release|iPhoneSimulator.ActiveCfg = Release|Any CPU
		{596F2616-F54B-48FB-824E-DE3DB655B60A}.Release|iPhoneSimulator.Build.0 = Release|Any CPU
		{596F2616-F54B-48FB-824E-DE3DB655B60A}.Release|iPhoneSimulator.Deploy.0 = Release|Any CPU
		{596F2616-F54B-48FB-824E-DE3DB655B60A}.Release|x86.ActiveCfg = Release|x86
		{596F2616-F54B-48FB-824E-DE3DB655B60A}.Release|x86.Build.0 = Release|x86
		{596F2616-F54B-48FB-824E-DE3DB655B60A}.Release|x86.Deploy.0 = Release|x86
		{B03FE2D4-6876-4C88-966F-32EA1A138A1C}.Ad-Hoc|Any CPU.ActiveCfg = Release|Any CPU
		{B03FE2D4-6876-4C88-966F-32EA1A138A1C}.Ad-Hoc|Any CPU.Build.0 = Release|Any CPU
		{B03FE2D4-6876-4C88-966F-32EA1A138A1C}.Ad-Hoc|ARM.ActiveCfg = Release|Any CPU
		{B03FE2D4-6876-4C88-966F-32EA1A138A1C}.Ad-Hoc|ARM.Build.0 = Release|Any CPU
		{B03FE2D4-6876-4C88-966F-32EA1A138A1C}.Ad-Hoc|iPhone.ActiveCfg = Release|Any CPU
		{B03FE2D4-6876-4C88-966F-32EA1A138A1C}.Ad-Hoc|iPhone.Build.0 = Release|Any CPU
		{B03FE2D4-6876-4C88-966F-32EA1A138A1C}.Ad-Hoc|iPhoneSimulator.ActiveCfg = Release|Any CPU
		{B03FE2D4-6876-4C88-966F-32EA1A138A1C}.Ad-Hoc|iPhoneSimulator.Build.0 = Release|Any CPU
		{B03FE2D4-6876-4C88-966F-32EA1A138A1C}.Ad-Hoc|x86.ActiveCfg = Release|Any CPU
		{B03FE2D4-6876-4C88-966F-32EA1A138A1C}.Ad-Hoc|x86.Build.0 = Release|Any CPU
		{B03FE2D4-6876-4C88-966F-32EA1A138A1C}.AppStore|Any CPU.ActiveCfg = Release|Any CPU
		{B03FE2D4-6876-4C88-966F-32EA1A138A1C}.AppStore|Any CPU.Build.0 = Release|Any CPU
		{B03FE2D4-6876-4C88-966F-32EA1A138A1C}.AppStore|ARM.ActiveCfg = Release|Any CPU
		{B03FE2D4-6876-4C88-966F-32EA1A138A1C}.AppStore|ARM.Build.0 = Release|Any CPU
		{B03FE2D4-6876-4C88-966F-32EA1A138A1C}.AppStore|iPhone.ActiveCfg = Release|Any CPU
		{B03FE2D4-6876-4C88-966F-32EA1A138A1C}.AppStore|iPhone.Build.0 = Release|Any CPU
		{B03FE2D4-6876-4C88-966F-32EA1A138A1C}.AppStore|iPhoneSimulator.ActiveCfg = Release|Any CPU
		{B03FE2D4-6876-4C88-966F-32EA1A138A1C}.AppStore|iPhoneSimulator.Build.0 = Release|Any CPU
		{B03FE2D4-6876-4C88-966F-32EA1A138A1C}.AppStore|x86.ActiveCfg = Release|Any CPU
		{B03FE2D4-6876-4C88-966F-32EA1A138A1C}.AppStore|x86.Build.0 = Release|Any CPU
		{B03FE2D4-6876-4C88-966F-32EA1A138A1C}.Debug|Any CPU.ActiveCfg = Debug|Any CPU
		{B03FE2D4-6876-4C88-966F-32EA1A138A1C}.Debug|Any CPU.Build.0 = Debug|Any CPU
		{B03FE2D4-6876-4C88-966F-32EA1A138A1C}.Debug|ARM.ActiveCfg = Debug|Any CPU
		{B03FE2D4-6876-4C88-966F-32EA1A138A1C}.Debug|ARM.Build.0 = Debug|Any CPU
		{B03FE2D4-6876-4C88-966F-32EA1A138A1C}.Debug|iPhone.ActiveCfg = Debug|Any CPU
		{B03FE2D4-6876-4C88-966F-32EA1A138A1C}.Debug|iPhone.Build.0 = Debug|Any CPU
		{B03FE2D4-6876-4C88-966F-32EA1A138A1C}.Debug|iPhoneSimulator.ActiveCfg = Debug|Any CPU
		{B03FE2D4-6876-4C88-966F-32EA1A138A1C}.Debug|iPhoneSimulator.Build.0 = Debug|Any CPU
		{B03FE2D4-6876-4C88-966F-32EA1A138A1C}.Debug|x86.ActiveCfg = Debug|Any CPU
		{B03FE2D4-6876-4C88-966F-32EA1A138A1C}.Debug|x86.Build.0 = Debug|Any CPU
		{B03FE2D4-6876-4C88-966F-32EA1A138A1C}.Release|Any CPU.ActiveCfg = Release|Any CPU
		{B03FE2D4-6876-4C88-966F-32EA1A138A1C}.Release|Any CPU.Build.0 = Release|Any CPU
		{B03FE2D4-6876-4C88-966F-32EA1A138A1C}.Release|ARM.ActiveCfg = Release|Any CPU
		{B03FE2D4-6876-4C88-966F-32EA1A138A1C}.Release|ARM.Build.0 = Release|Any CPU
		{B03FE2D4-6876-4C88-966F-32EA1A138A1C}.Release|iPhone.ActiveCfg = Release|Any CPU
		{B03FE2D4-6876-4C88-966F-32EA1A138A1C}.Release|iPhone.Build.0 = Release|Any CPU
		{B03FE2D4-6876-4C88-966F-32EA1A138A1C}.Release|iPhoneSimulator.ActiveCfg = Release|Any CPU
		{B03FE2D4-6876-4C88-966F-32EA1A138A1C}.Release|iPhoneSimulator.Build.0 = Release|Any CPU
		{B03FE2D4-6876-4C88-966F-32EA1A138A1C}.Release|x86.ActiveCfg = Release|Any CPU
		{B03FE2D4-6876-4C88-966F-32EA1A138A1C}.Release|x86.Build.0 = Release|Any CPU
	EndGlobalSection
	GlobalSection(SolutionProperties) = preSolution
		HideSolutionNode = FALSE
	EndGlobalSection
EndGlobal
